
Microsoft Visual Studio Solution File, Format Version 12.00
# Visual Studio 15
VisualStudioVersion = 15.0.28307.2017
MinimumVisualStudioVersion = 10.0.40219.1
Project("{8BC9CEB8-8B4A-11D0-8D11-00A0C91BC942}") = "简单工厂", "简单工厂\简单工厂.vcxproj", "{37DB32BC-D7E2-44A4-90D3-5D574DC3F78F}"
EndProject
Project("{8BC9CEB8-8B4A-11D0-8D11-00A0C91BC942}") = "工厂方法", "工厂方法\工厂方法.vcxproj", "{96F860F7-3B0F-4190-8E52-8F48D5CA86AC}"
EndProject
Project("{8BC9CEB8-8B4A-11D0-8D11-00A0C91BC942}") = "抽象工厂", "抽象工厂\抽象工厂.vcxproj", "{6943CF73-2342-41C1-A52C-70D52E457442}"
EndProject
Project("{8BC9CEB8-8B4A-11D0-8D11-00A0C91BC942}") = "单例模式", "单例模式\单例模式.vcxproj", "{59B41C33-9EDD-4FFB-B0F9-0B84D32761BA}"
EndProject
Project("{8BC9CEB8-8B4A-11D0-8D11-00A0C91BC942}") = "原型模式", "原型模式\原型模式.vcxproj", "{C0FEFCFC-3161-4DE4-9021-707DFB91E332}"
EndProject
Project("{8BC9CEB8-8B4A-11D0-8D11-00A0C91BC942}") = "建造者模式", "建造者模式\建造者模式.vcxproj", "{2307AE72-DF61-4D0B-9AFE-0FF96B1CD0F3}"
EndProject
Project("{2150E333-8FDC-42A3-9474-1A3956D46DE8}") = "创建型模式", "创建型模式", "{A0D7F4EC-C07A-4752-954C-905D8F4CBE53}"
EndProject
Project("{2150E333-8FDC-42A3-9474-1A3956D46DE8}") = "结构型模式", "结构型模式", "{CE76DB3E-E256-4C78-9AB4-88CA0EDEF5D4}"
EndProject
Project("{2150E333-8FDC-42A3-9474-1A3956D46DE8}") = "行为型模式", "行为型模式", "{D81F939D-8741-413F-B53C-22530922E655}"
EndProject
Project("{8BC9CEB8-8B4A-11D0-8D11-00A0C91BC942}") = "适配器模式", "适配器模式\适配器模式.vcxproj", "{D08B5A92-9019-4226-8259-428625F5BF18}"
EndProject
Project("{8BC9CEB8-8B4A-11D0-8D11-00A0C91BC942}") = "装饰者模式", "装饰者模式\装饰者模式.vcxproj", "{A8246675-3EFD-4C4B-988F-AFBD15C65189}"
EndProject
Project("{8BC9CEB8-8B4A-11D0-8D11-00A0C91BC942}") = "代理模式", "代理模式\代理模式.vcxproj", "{E7FFCDA1-165A-4EC4-8A54-BC5CBCF46F4C}"
EndProject
Project("{8BC9CEB8-8B4A-11D0-8D11-00A0C91BC942}") = "桥接模式", "桥接模式\桥接模式.vcxproj", "{7436892D-3C6D-4714-A67C-F39F9356E226}"
EndProject
Project("{8BC9CEB8-8B4A-11D0-8D11-00A0C91BC942}") = "外观模式", "外观模式\外观模式.vcxproj", "{BFE2FD62-CAF1-4B39-A742-0320E6C1FDDB}"
EndProject
Project("{8BC9CEB8-8B4A-11D0-8D11-00A0C91BC942}") = "组合模式", "组合模式\组合模式.vcxproj", "{BD5DC6ED-49ED-4F90-91E0-545480873260}"
EndProject
Project("{8BC9CEB8-8B4A-11D0-8D11-00A0C91BC942}") = "享元模式", "享元模式\享元模式.vcxproj", "{16D324F0-46BA-4D0A-99FE-F24D06C65230}"
EndProject
Project("{8BC9CEB8-8B4A-11D0-8D11-00A0C91BC942}") = "模板方法模式", "模板方法模式\模板方法模式.vcxproj", "{C679F8A8-4CF2-4E72-B2AF-0076C058731A}"
EndProject
Project("{8BC9CEB8-8B4A-11D0-8D11-00A0C91BC942}") = "策略模式", "策略模式\策略模式.vcxproj", "{84A5B517-5B2F-4A6B-AE28-0860A1B6F08D}"
EndProject
Project("{8BC9CEB8-8B4A-11D0-8D11-00A0C91BC942}") = "迭代器模式", "迭代器模式\迭代器模式.vcxproj", "{BB0BB4E6-4B5A-432F-8DF0-926908D74D21}"
EndProject
Project("{8BC9CEB8-8B4A-11D0-8D11-00A0C91BC942}") = "命令模式", "命令模式\命令模式.vcxproj", "{37CC2B6A-DAC6-437C-9113-5D91CA1CA808}"
EndProject
Project("{8BC9CEB8-8B4A-11D0-8D11-00A0C91BC942}") = "观察者模式", "观察者模式\观察者模式.vcxproj", "{45836387-A4E0-4303-96DA-5E00EA0EF666}"
EndProject
Project("{8BC9CEB8-8B4A-11D0-8D11-00A0C91BC942}") = "中介者模式", "中介者模式\中介者模式.vcxproj", "{0F07B117-E782-49E4-8C99-FC5A5BAE3F02}"
EndProject
Project("{8BC9CEB8-8B4A-11D0-8D11-00A0C91BC942}") = "备忘录模式", "备忘录模式\备忘录模式.vcxproj", "{E9064541-B083-423E-9A4C-49ED38369843}"
EndProject
Project("{8BC9CEB8-8B4A-11D0-8D11-00A0C91BC942}") = "责任链模式", "责任链模式\责任链模式.vcxproj", "{ED72741D-3921-49A9-A747-01EB7BA07D0E}"
EndProject
Project("{8BC9CEB8-8B4A-11D0-8D11-00A0C91BC942}") = "解释器模式", "解释器模式\解释器模式.vcxproj", "{8A721AF9-36FB-4B9A-B157-913567939237}"
EndProject
Project("{8BC9CEB8-8B4A-11D0-8D11-00A0C91BC942}") = "访问者模式", "访问者模式\访问者模式.vcxproj", "{9DA37A6C-A7F8-4977-A43D-A7BCC297B3DC}"
EndProject
Global
	GlobalSection(SolutionConfigurationPlatforms) = preSolution
		Debug|x64 = Debug|x64
		Debug|x86 = Debug|x86
		Release|x64 = Release|x64
		Release|x86 = Release|x86
	EndGlobalSection
	GlobalSection(ProjectConfigurationPlatforms) = postSolution
		{37DB32BC-D7E2-44A4-90D3-5D574DC3F78F}.Debug|x64.ActiveCfg = Debug|x64
		{37DB32BC-D7E2-44A4-90D3-5D574DC3F78F}.Debug|x64.Build.0 = Debug|x64
		{37DB32BC-D7E2-44A4-90D3-5D574DC3F78F}.Debug|x86.ActiveCfg = Debug|Win32
		{37DB32BC-D7E2-44A4-90D3-5D574DC3F78F}.Debug|x86.Build.0 = Debug|Win32
		{37DB32BC-D7E2-44A4-90D3-5D574DC3F78F}.Release|x64.ActiveCfg = Release|x64
		{37DB32BC-D7E2-44A4-90D3-5D574DC3F78F}.Release|x64.Build.0 = Release|x64
		{37DB32BC-D7E2-44A4-90D3-5D574DC3F78F}.Release|x86.ActiveCfg = Release|Win32
		{37DB32BC-D7E2-44A4-90D3-5D574DC3F78F}.Release|x86.Build.0 = Release|Win32
		{96F860F7-3B0F-4190-8E52-8F48D5CA86AC}.Debug|x64.ActiveCfg = Debug|x64
		{96F860F7-3B0F-4190-8E52-8F48D5CA86AC}.Debug|x64.Build.0 = Debug|x64
		{96F860F7-3B0F-4190-8E52-8F48D5CA86AC}.Debug|x86.ActiveCfg = Debug|Win32
		{96F860F7-3B0F-4190-8E52-8F48D5CA86AC}.Debug|x86.Build.0 = Debug|Win32
		{96F860F7-3B0F-4190-8E52-8F48D5CA86AC}.Release|x64.ActiveCfg = Release|x64
		{96F860F7-3B0F-4190-8E52-8F48D5CA86AC}.Release|x64.Build.0 = Release|x64
		{96F860F7-3B0F-4190-8E52-8F48D5CA86AC}.Release|x86.ActiveCfg = Release|Win32
		{96F860F7-3B0F-4190-8E52-8F48D5CA86AC}.Release|x86.Build.0 = Release|Win32
		{6943CF73-2342-41C1-A52C-70D52E457442}.Debug|x64.ActiveCfg = Debug|x64
		{6943CF73-2342-41C1-A52C-70D52E457442}.Debug|x64.Build.0 = Debug|x64
		{6943CF73-2342-41C1-A52C-70D52E457442}.Debug|x86.ActiveCfg = Debug|Win32
		{6943CF73-2342-41C1-A52C-70D52E457442}.Debug|x86.Build.0 = Debug|Win32
		{6943CF73-2342-41C1-A52C-70D52E457442}.Release|x64.ActiveCfg = Release|x64
		{6943CF73-2342-41C1-A52C-70D52E457442}.Release|x64.Build.0 = Release|x64
		{6943CF73-2342-41C1-A52C-70D52E457442}.Release|x86.ActiveCfg = Release|Win32
		{6943CF73-2342-41C1-A52C-70D52E457442}.Release|x86.Build.0 = Release|Win32
		{59B41C33-9EDD-4FFB-B0F9-0B84D32761BA}.Debug|x64.ActiveCfg = Debug|x64
		{59B41C33-9EDD-4FFB-B0F9-0B84D32761BA}.Debug|x64.Build.0 = Debug|x64
		{59B41C33-9EDD-4FFB-B0F9-0B84D32761BA}.Debug|x86.ActiveCfg = Debug|Win32
		{59B41C33-9EDD-4FFB-B0F9-0B84D32761BA}.Debug|x86.Build.0 = Debug|Win32
		{59B41C33-9EDD-4FFB-B0F9-0B84D32761BA}.Release|x64.ActiveCfg = Release|x64
		{59B41C33-9EDD-4FFB-B0F9-0B84D32761BA}.Release|x64.Build.0 = Release|x64
		{59B41C33-9EDD-4FFB-B0F9-0B84D32761BA}.Release|x86.ActiveCfg = Release|Win32
		{59B41C33-9EDD-4FFB-B0F9-0B84D32761BA}.Release|x86.Build.0 = Release|Win32
		{C0FEFCFC-3161-4DE4-9021-707DFB91E332}.Debug|x64.ActiveCfg = Debug|x64
		{C0FEFCFC-3161-4DE4-9021-707DFB91E332}.Debug|x64.Build.0 = Debug|x64
		{C0FEFCFC-3161-4DE4-9021-707DFB91E332}.Debug|x86.ActiveCfg = Debug|Win32
		{C0FEFCFC-3161-4DE4-9021-707DFB91E332}.Debug|x86.Build.0 = Debug|Win32
		{C0FEFCFC-3161-4DE4-9021-707DFB91E332}.Release|x64.ActiveCfg = Release|x64
		{C0FEFCFC-3161-4DE4-9021-707DFB91E332}.Release|x64.Build.0 = Release|x64
		{C0FEFCFC-3161-4DE4-9021-707DFB91E332}.Release|x86.ActiveCfg = Release|Win32
		{C0FEFCFC-3161-4DE4-9021-707DFB91E332}.Release|x86.Build.0 = Release|Win32
		{2307AE72-DF61-4D0B-9AFE-0FF96B1CD0F3}.Debug|x64.ActiveCfg = Debug|x64
		{2307AE72-DF61-4D0B-9AFE-0FF96B1CD0F3}.Debug|x64.Build.0 = Debug|x64
		{2307AE72-DF61-4D0B-9AFE-0FF96B1CD0F3}.Debug|x86.ActiveCfg = Debug|Win32
		{2307AE72-DF61-4D0B-9AFE-0FF96B1CD0F3}.Debug|x86.Build.0 = Debug|Win32
		{2307AE72-DF61-4D0B-9AFE-0FF96B1CD0F3}.Release|x64.ActiveCfg = Release|x64
		{2307AE72-DF61-4D0B-9AFE-0FF96B1CD0F3}.Release|x64.Build.0 = Release|x64
		{2307AE72-DF61-4D0B-9AFE-0FF96B1CD0F3}.Release|x86.ActiveCfg = Release|Win32
		{2307AE72-DF61-4D0B-9AFE-0FF96B1CD0F3}.Release|x86.Build.0 = Release|Win32
		{D08B5A92-9019-4226-8259-428625F5BF18}.Debug|x64.ActiveCfg = Debug|x64
		{D08B5A92-9019-4226-8259-428625F5BF18}.Debug|x64.Build.0 = Debug|x64
		{D08B5A92-9019-4226-8259-428625F5BF18}.Debug|x86.ActiveCfg = Debug|Win32
		{D08B5A92-9019-4226-8259-428625F5BF18}.Debug|x86.Build.0 = Debug|Win32
		{D08B5A92-9019-4226-8259-428625F5BF18}.Release|x64.ActiveCfg = Release|x64
		{D08B5A92-9019-4226-8259-428625F5BF18}.Release|x64.Build.0 = Release|x64
		{D08B5A92-9019-4226-8259-428625F5BF18}.Release|x86.ActiveCfg = Release|Win32
		{D08B5A92-9019-4226-8259-428625F5BF18}.Release|x86.Build.0 = Release|Win32
		{A8246675-3EFD-4C4B-988F-AFBD15C65189}.Debug|x64.ActiveCfg = Debug|x64
		{A8246675-3EFD-4C4B-988F-AFBD15C65189}.Debug|x64.Build.0 = Debug|x64
		{A8246675-3EFD-4C4B-988F-AFBD15C65189}.Debug|x86.ActiveCfg = Debug|Win32
		{A8246675-3EFD-4C4B-988F-AFBD15C65189}.Debug|x86.Build.0 = Debug|Win32
		{A8246675-3EFD-4C4B-988F-AFBD15C65189}.Release|x64.ActiveCfg = Release|x64
		{A8246675-3EFD-4C4B-988F-AFBD15C65189}.Release|x64.Build.0 = Release|x64
		{A8246675-3EFD-4C4B-988F-AFBD15C65189}.Release|x86.ActiveCfg = Release|Win32
		{A8246675-3EFD-4C4B-988F-AFBD15C65189}.Release|x86.Build.0 = Release|Win32
		{E7FFCDA1-165A-4EC4-8A54-BC5CBCF46F4C}.Debug|x64.ActiveCfg = Debug|x64
		{E7FFCDA1-165A-4EC4-8A54-BC5CBCF46F4C}.Debug|x64.Build.0 = Debug|x64
		{E7FFCDA1-165A-4EC4-8A54-BC5CBCF46F4C}.Debug|x86.ActiveCfg = Debug|Win32
		{E7FFCDA1-165A-4EC4-8A54-BC5CBCF46F4C}.Debug|x86.Build.0 = Debug|Win32
		{E7FFCDA1-165A-4EC4-8A54-BC5CBCF46F4C}.Release|x64.ActiveCfg = Release|x64
		{E7FFCDA1-165A-4EC4-8A54-BC5CBCF46F4C}.Release|x64.Build.0 = Release|x64
		{E7FFCDA1-165A-4EC4-8A54-BC5CBCF46F4C}.Release|x86.ActiveCfg = Release|Win32
		{E7FFCDA1-165A-4EC4-8A54-BC5CBCF46F4C}.Release|x86.Build.0 = Release|Win32
		{7436892D-3C6D-4714-A67C-F39F9356E226}.Debug|x64.ActiveCfg = Debug|x64
		{7436892D-3C6D-4714-A67C-F39F9356E226}.Debug|x64.Build.0 = Debug|x64
		{7436892D-3C6D-4714-A67C-F39F9356E226}.Debug|x86.ActiveCfg = Debug|Win32
		{7436892D-3C6D-4714-A67C-F39F9356E226}.Debug|x86.Build.0 = Debug|Win32
		{7436892D-3C6D-4714-A67C-F39F9356E226}.Release|x64.ActiveCfg = Release|x64
		{7436892D-3C6D-4714-A67C-F39F9356E226}.Release|x64.Build.0 = Release|x64
		{7436892D-3C6D-4714-A67C-F39F9356E226}.Release|x86.ActiveCfg = Release|Win32
		{7436892D-3C6D-4714-A67C-F39F9356E226}.Release|x86.Build.0 = Release|Win32
		{BFE2FD62-CAF1-4B39-A742-0320E6C1FDDB}.Debug|x64.ActiveCfg = Debug|x64
		{BFE2FD62-CAF1-4B39-A742-0320E6C1FDDB}.Debug|x64.Build.0 = Debug|x64
		{BFE2FD62-CAF1-4B39-A742-0320E6C1FDDB}.Debug|x86.ActiveCfg = Debug|Win32
		{BFE2FD62-CAF1-4B39-A742-0320E6C1FDDB}.Debug|x86.Build.0 = Debug|Win32
		{BFE2FD62-CAF1-4B39-A742-0320E6C1FDDB}.Release|x64.ActiveCfg = Release|x64
		{BFE2FD62-CAF1-4B39-A742-0320E6C1FDDB}.Release|x64.Build.0 = Release|x64
		{BFE2FD62-CAF1-4B39-A742-0320E6C1FDDB}.Release|x86.ActiveCfg = Release|Win32
		{BFE2FD62-CAF1-4B39-A742-0320E6C1FDDB}.Release|x86.Build.0 = Release|Win32
		{BD5DC6ED-49ED-4F90-91E0-545480873260}.Debug|x64.ActiveCfg = Debug|x64
		{BD5DC6ED-49ED-4F90-91E0-545480873260}.Debug|x64.Build.0 = Debug|x64
		{BD5DC6ED-49ED-4F90-91E0-545480873260}.Debug|x86.ActiveCfg = Debug|Win32
		{BD5DC6ED-49ED-4F90-91E0-545480873260}.Debug|x86.Build.0 = Debug|Win32
		{BD5DC6ED-49ED-4F90-91E0-545480873260}.Release|x64.ActiveCfg = Release|x64
		{BD5DC6ED-49ED-4F90-91E0-545480873260}.Release|x64.Build.0 = Release|x64
		{BD5DC6ED-49ED-4F90-91E0-545480873260}.Release|x86.ActiveCfg = Release|Win32
		{BD5DC6ED-49ED-4F90-91E0-545480873260}.Release|x86.Build.0 = Release|Win32
		{16D324F0-46BA-4D0A-99FE-F24D06C65230}.Debug|x64.ActiveCfg = Debug|x64
		{16D324F0-46BA-4D0A-99FE-F24D06C65230}.Debug|x64.Build.0 = Debug|x64
		{16D324F0-46BA-4D0A-99FE-F24D06C65230}.Debug|x86.ActiveCfg = Debug|Win32
		{16D324F0-46BA-4D0A-99FE-F24D06C65230}.Debug|x86.Build.0 = Debug|Win32
		{16D324F0-46BA-4D0A-99FE-F24D06C65230}.Release|x64.ActiveCfg = Release|x64
		{16D324F0-46BA-4D0A-99FE-F24D06C65230}.Release|x64.Build.0 = Release|x64
		{16D324F0-46BA-4D0A-99FE-F24D06C65230}.Release|x86.ActiveCfg = Release|Win32
		{16D324F0-46BA-4D0A-99FE-F24D06C65230}.Release|x86.Build.0 = Release|Win32
		{C679F8A8-4CF2-4E72-B2AF-0076C058731A}.Debug|x64.ActiveCfg = Debug|x64
		{C679F8A8-4CF2-4E72-B2AF-0076C058731A}.Debug|x64.Build.0 = Debug|x64
		{C679F8A8-4CF2-4E72-B2AF-0076C058731A}.Debug|x86.ActiveCfg = Debug|Win32
		{C679F8A8-4CF2-4E72-B2AF-0076C058731A}.Debug|x86.Build.0 = Debug|Win32
		{C679F8A8-4CF2-4E72-B2AF-0076C058731A}.Release|x64.ActiveCfg = Release|x64
		{C679F8A8-4CF2-4E72-B2AF-0076C058731A}.Release|x64.Build.0 = Release|x64
		{C679F8A8-4CF2-4E72-B2AF-0076C058731A}.Release|x86.ActiveCfg = Release|Win32
		{C679F8A8-4CF2-4E72-B2AF-0076C058731A}.Release|x86.Build.0 = Release|Win32
		{84A5B517-5B2F-4A6B-AE28-0860A1B6F08D}.Debug|x64.ActiveCfg = Debug|x64
		{84A5B517-5B2F-4A6B-AE28-0860A1B6F08D}.Debug|x64.Build.0 = Debug|x64
		{84A5B517-5B2F-4A6B-AE28-0860A1B6F08D}.Debug|x86.ActiveCfg = Debug|Win32
		{84A5B517-5B2F-4A6B-AE28-0860A1B6F08D}.Debug|x86.Build.0 = Debug|Win32
		{84A5B517-5B2F-4A6B-AE28-0860A1B6F08D}.Release|x64.ActiveCfg = Release|x64
		{84A5B517-5B2F-4A6B-AE28-0860A1B6F08D}.Release|x64.Build.0 = Release|x64
		{84A5B517-5B2F-4A6B-AE28-0860A1B6F08D}.Release|x86.ActiveCfg = Release|Win32
		{84A5B517-5B2F-4A6B-AE28-0860A1B6F08D}.Release|x86.Build.0 = Release|Win32
		{BB0BB4E6-4B5A-432F-8DF0-926908D74D21}.Debug|x64.ActiveCfg = Debug|x64
		{BB0BB4E6-4B5A-432F-8DF0-926908D74D21}.Debug|x64.Build.0 = Debug|x64
		{BB0BB4E6-4B5A-432F-8DF0-926908D74D21}.Debug|x86.ActiveCfg = Debug|Win32
		{BB0BB4E6-4B5A-432F-8DF0-926908D74D21}.Debug|x86.Build.0 = Debug|Win32
		{BB0BB4E6-4B5A-432F-8DF0-926908D74D21}.Release|x64.ActiveCfg = Release|x64
		{BB0BB4E6-4B5A-432F-8DF0-926908D74D21}.Release|x64.Build.0 = Release|x64
		{BB0BB4E6-4B5A-432F-8DF0-926908D74D21}.Release|x86.ActiveCfg = Release|Win32
		{BB0BB4E6-4B5A-432F-8DF0-926908D74D21}.Release|x86.Build.0 = Release|Win32
		{37CC2B6A-DAC6-437C-9113-5D91CA1CA808}.Debug|x64.ActiveCfg = Debug|x64
		{37CC2B6A-DAC6-437C-9113-5D91CA1CA808}.Debug|x64.Build.0 = Debug|x64
		{37CC2B6A-DAC6-437C-9113-5D91CA1CA808}.Debug|x86.ActiveCfg = Debug|Win32
		{37CC2B6A-DAC6-437C-9113-5D91CA1CA808}.Debug|x86.Build.0 = Debug|Win32
		{37CC2B6A-DAC6-437C-9113-5D91CA1CA808}.Release|x64.ActiveCfg = Release|x64
		{37CC2B6A-DAC6-437C-9113-5D91CA1CA808}.Release|x64.Build.0 = Release|x64
		{37CC2B6A-DAC6-437C-9113-5D91CA1CA808}.Release|x86.ActiveCfg = Release|Win32
		{37CC2B6A-DAC6-437C-9113-5D91CA1CA808}.Release|x86.Build.0 = Release|Win32
		{45836387-A4E0-4303-96DA-5E00EA0EF666}.Debug|x64.ActiveCfg = Debug|x64
		{45836387-A4E0-4303-96DA-5E00EA0EF666}.Debug|x64.Build.0 = Debug|x64
		{45836387-A4E0-4303-96DA-5E00EA0EF666}.Debug|x86.ActiveCfg = Debug|Win32
		{45836387-A4E0-4303-96DA-5E00EA0EF666}.Debug|x86.Build.0 = Debug|Win32
		{45836387-A4E0-4303-96DA-5E00EA0EF666}.Release|x64.ActiveCfg = Release|x64
		{45836387-A4E0-4303-96DA-5E00EA0EF666}.Release|x64.Build.0 = Release|x64
		{45836387-A4E0-4303-96DA-5E00EA0EF666}.Release|x86.ActiveCfg = Release|Win32
		{45836387-A4E0-4303-96DA-5E00EA0EF666}.Release|x86.Build.0 = Release|Win32
		{0F07B117-E782-49E4-8C99-FC5A5BAE3F02}.Debug|x64.ActiveCfg = Debug|x64
		{0F07B117-E782-49E4-8C99-FC5A5BAE3F02}.Debug|x64.Build.0 = Debug|x64
		{0F07B117-E782-49E4-8C99-FC5A5BAE3F02}.Debug|x86.ActiveCfg = Debug|Win32
		{0F07B117-E782-49E4-8C99-FC5A5BAE3F02}.Debug|x86.Build.0 = Debug|Win32
		{0F07B117-E782-49E4-8C99-FC5A5BAE3F02}.Release|x64.ActiveCfg = Release|x64
		{0F07B117-E782-49E4-8C99-FC5A5BAE3F02}.Release|x64.Build.0 = Release|x64
		{0F07B117-E782-49E4-8C99-FC5A5BAE3F02}.Release|x86.ActiveCfg = Release|Win32
		{0F07B117-E782-49E4-8C99-FC5A5BAE3F02}.Release|x86.Build.0 = Release|Win32
		{E9064541-B083-423E-9A4C-49ED38369843}.Debug|x64.ActiveCfg = Debug|x64
		{E9064541-B083-423E-9A4C-49ED38369843}.Debug|x64.Build.0 = Debug|x64
		{E9064541-B083-423E-9A4C-49ED38369843}.Debug|x86.ActiveCfg = Debug|Win32
		{E9064541-B083-423E-9A4C-49ED38369843}.Debug|x86.Build.0 = Debug|Win32
		{E9064541-B083-423E-9A4C-49ED38369843}.Release|x64.ActiveCfg = Release|x64
		{E9064541-B083-423E-9A4C-49ED38369843}.Release|x64.Build.0 = Release|x64
		{E9064541-B083-423E-9A4C-49ED38369843}.Release|x86.ActiveCfg = Release|Win32
		{E9064541-B083-423E-9A4C-49ED38369843}.Release|x86.Build.0 = Release|Win32
		{ED72741D-3921-49A9-A747-01EB7BA07D0E}.Debug|x64.ActiveCfg = Debug|x64
		{ED72741D-3921-49A9-A747-01EB7BA07D0E}.Debug|x64.Build.0 = Debug|x64
		{ED72741D-3921-49A9-A747-01EB7BA07D0E}.Debug|x86.ActiveCfg = Debug|Win32
		{ED72741D-3921-49A9-A747-01EB7BA07D0E}.Debug|x86.Build.0 = Debug|Win32
		{ED72741D-3921-49A9-A747-01EB7BA07D0E}.Release|x64.ActiveCfg = Release|x64
		{ED72741D-3921-49A9-A747-01EB7BA07D0E}.Release|x64.Build.0 = Release|x64
		{ED72741D-3921-49A9-A747-01EB7BA07D0E}.Release|x86.ActiveCfg = Release|Win32
		{ED72741D-3921-49A9-A747-01EB7BA07D0E}.Release|x86.Build.0 = Release|Win32
		{8A721AF9-36FB-4B9A-B157-913567939237}.Debug|x64.ActiveCfg = Debug|x64
		{8A721AF9-36FB-4B9A-B157-913567939237}.Debug|x64.Build.0 = Debug|x64
		{8A721AF9-36FB-4B9A-B157-913567939237}.Debug|x86.ActiveCfg = Debug|Win32
		{8A721AF9-36FB-4B9A-B157-913567939237}.Debug|x86.Build.0 = Debug|Win32
		{8A721AF9-36FB-4B9A-B157-913567939237}.Release|x64.ActiveCfg = Release|x64
		{8A721AF9-36FB-4B9A-B157-913567939237}.Release|x64.Build.0 = Release|x64
		{8A721AF9-36FB-4B9A-B157-913567939237}.Release|x86.ActiveCfg = Release|Win32
		{8A721AF9-36FB-4B9A-B157-913567939237}.Release|x86.Build.0 = Release|Win32
		{9DA37A6C-A7F8-4977-A43D-A7BCC297B3DC}.Debug|x64.ActiveCfg = Debug|x64
		{9DA37A6C-A7F8-4977-A43D-A7BCC297B3DC}.Debug|x64.Build.0 = Debug|x64
		{9DA37A6C-A7F8-4977-A43D-A7BCC297B3DC}.Debug|x86.ActiveCfg = Debug|Win32
		{9DA37A6C-A7F8-4977-A43D-A7BCC297B3DC}.Debug|x86.Build.0 = Debug|Win32
		{9DA37A6C-A7F8-4977-A43D-A7BCC297B3DC}.Release|x64.ActiveCfg = Release|x64
		{9DA37A6C-A7F8-4977-A43D-A7BCC297B3DC}.Release|x64.Build.0 = Release|x64
		{9DA37A6C-A7F8-4977-A43D-A7BCC297B3DC}.Release|x86.ActiveCfg = Release|Win32
		{9DA37A6C-A7F8-4977-A43D-A7BCC297B3DC}.Release|x86.Build.0 = Release|Win32
	EndGlobalSection
	GlobalSection(SolutionProperties) = preSolution
		HideSolutionNode = FALSE
	EndGlobalSection
	GlobalSection(NestedProjects) = preSolution
		{37DB32BC-D7E2-44A4-90D3-5D574DC3F78F} = {A0D7F4EC-C07A-4752-954C-905D8F4CBE53}
		{96F860F7-3B0F-4190-8E52-8F48D5CA86AC} = {A0D7F4EC-C07A-4752-954C-905D8F4CBE53}
		{6943CF73-2342-41C1-A52C-70D52E457442} = {A0D7F4EC-C07A-4752-954C-905D8F4CBE53}
		{59B41C33-9EDD-4FFB-B0F9-0B84D32761BA} = {A0D7F4EC-C07A-4752-954C-905D8F4CBE53}
		{C0FEFCFC-3161-4DE4-9021-707DFB91E332} = {A0D7F4EC-C07A-4752-954C-905D8F4CBE53}
		{2307AE72-DF61-4D0B-9AFE-0FF96B1CD0F3} = {A0D7F4EC-C07A-4752-954C-905D8F4CBE53}
		{D08B5A92-9019-4226-8259-428625F5BF18} = {CE76DB3E-E256-4C78-9AB4-88CA0EDEF5D4}
		{A8246675-3EFD-4C4B-988F-AFBD15C65189} = {CE76DB3E-E256-4C78-9AB4-88CA0EDEF5D4}
		{E7FFCDA1-165A-4EC4-8A54-BC5CBCF46F4C} = {CE76DB3E-E256-4C78-9AB4-88CA0EDEF5D4}
		{7436892D-3C6D-4714-A67C-F39F9356E226} = {CE76DB3E-E256-4C78-9AB4-88CA0EDEF5D4}
		{BFE2FD62-CAF1-4B39-A742-0320E6C1FDDB} = {CE76DB3E-E256-4C78-9AB4-88CA0EDEF5D4}
		{BD5DC6ED-49ED-4F90-91E0-545480873260} = {CE76DB3E-E256-4C78-9AB4-88CA0EDEF5D4}
		{16D324F0-46BA-4D0A-99FE-F24D06C65230} = {CE76DB3E-E256-4C78-9AB4-88CA0EDEF5D4}
		{C679F8A8-4CF2-4E72-B2AF-0076C058731A} = {D81F939D-8741-413F-B53C-22530922E655}
		{84A5B517-5B2F-4A6B-AE28-0860A1B6F08D} = {D81F939D-8741-413F-B53C-22530922E655}
		{BB0BB4E6-4B5A-432F-8DF0-926908D74D21} = {D81F939D-8741-413F-B53C-22530922E655}
		{37CC2B6A-DAC6-437C-9113-5D91CA1CA808} = {D81F939D-8741-413F-B53C-22530922E655}
		{45836387-A4E0-4303-96DA-5E00EA0EF666} = {D81F939D-8741-413F-B53C-22530922E655}
		{0F07B117-E782-49E4-8C99-FC5A5BAE3F02} = {D81F939D-8741-413F-B53C-22530922E655}
		{E9064541-B083-423E-9A4C-49ED38369843} = {D81F939D-8741-413F-B53C-22530922E655}
		{ED72741D-3921-49A9-A747-01EB7BA07D0E} = {D81F939D-8741-413F-B53C-22530922E655}
		{8A721AF9-36FB-4B9A-B157-913567939237} = {D81F939D-8741-413F-B53C-22530922E655}
		{9DA37A6C-A7F8-4977-A43D-A7BCC297B3DC} = {D81F939D-8741-413F-B53C-22530922E655}
	EndGlobalSection
	GlobalSection(ExtensibilityGlobals) = postSolution
		SolutionGuid = {21E24356-B467-43B7-A23A-0030CA608E4E}
	EndGlobalSection
EndGlobal
